// !$*UTF8*$!
{
	archiveVersion = 1;
	classes = {
	};
	objectVersion = 56;
	objects = {

/* Begin PBXBuildFile section */
		EA8F12CA28C4CC7E0072FBC2 /* AppDelegate.swift in Sources */ = {isa = PBXBuildFile; fileRef = EA8F12C928C4CC7E0072FBC2 /* AppDelegate.swift */; };
		EA8F12CC28C4CC7E0072FBC2 /* SceneDelegate.swift in Sources */ = {isa = PBXBuildFile; fileRef = EA8F12CB28C4CC7E0072FBC2 /* SceneDelegate.swift */; };
		EA8F12CE28C4CC7E0072FBC2 /* ViewController.swift in Sources */ = {isa = PBXBuildFile; fileRef = EA8F12CD28C4CC7E0072FBC2 /* ViewController.swift */; };
		EA8F12D128C4CC7E0072FBC2 /* Main.storyboard in Resources */ = {isa = PBXBuildFile; fileRef = EA8F12CF28C4CC7E0072FBC2 /* Main.storyboard */; };
		EA8F12D328C4CC7F0072FBC2 /* Assets.xcassets in Resources */ = {isa = PBXBuildFile; fileRef = EA8F12D228C4CC7F0072FBC2 /* Assets.xcassets */; };
		EA8F12D628C4CC7F0072FBC2 /* LaunchScreen.storyboard in Resources */ = {isa = PBXBuildFile; fileRef = EA8F12D428C4CC7F0072FBC2 /* LaunchScreen.storyboard */; };
		EA8F12DF28C4CCD00072FBC2 /* ComposableArchitecture in Frameworks */ = {isa = PBXBuildFile; productRef = EA8F12DE28C4CCD00072FBC2 /* ComposableArchitecture */; };
		EA8F12E128C4CCD00072FBC2 /* Dependencies in Frameworks */ = {isa = PBXBuildFile; productRef = EA8F12E028C4CCD00072FBC2 /* Dependencies */; };
		EA8F12E628C4D1E30072FBC2 /* XCTestDynamicOverlay in Frameworks */ = {isa = PBXBuildFile; productRef = EA8F12E528C4D1E30072FBC2 /* XCTestDynamicOverlay */; };
/* End PBXBuildFile section */

/* Begin PBXFileReference section */
		EA8F12C628C4CC7E0072FBC2 /* TCACheck.app */ = {isa = PBXFileReference; explicitFileType = wrapper.application; includeInIndex = 0; path = TCACheck.app; sourceTree = BUILT_PRODUCTS_DIR; };
		EA8F12C928C4CC7E0072FBC2 /* AppDelegate.swift */ = {isa = PBXFileReference; lastKnownFileType = sourcecode.swift; path = AppDelegate.swift; sourceTree = "<group>"; };
		EA8F12CB28C4CC7E0072FBC2 /* SceneDelegate.swift */ = {isa = PBXFileReference; lastKnownFileType = sourcecode.swift; path = SceneDelegate.swift; sourceTree = "<group>"; };
		EA8F12CD28C4CC7E0072FBC2 /* ViewController.swift */ = {isa = PBXFileReference; lastKnownFileType = sourcecode.swift; path = ViewController.swift; sourceTree = "<group>"; };
		EA8F12D028C4CC7E0072FBC2 /* Base */ = {isa = PBXFileReference; lastKnownFileType = file.storyboard; name = Base; path = Base.lproj/Main.storyboard; sourceTree = "<group>"; };
		EA8F12D228C4CC7F0072FBC2 /* Assets.xcassets */ = {isa = PBXFileReference; lastKnownFileType = folder.assetcatalog; path = Assets.xcassets; sourceTree = "<group>"; };
		EA8F12D528C4CC7F0072FBC2 /* Base */ = {isa = PBXFileReference; lastKnownFileType = file.storyboard; name = Base; path = Base.lproj/LaunchScreen.storyboard; sourceTree = "<group>"; };
		EA8F12D728C4CC7F0072FBC2 /* Info.plist */ = {isa = PBXFileReference; lastKnownFileType = text.plist.xml; path = Info.plist; sourceTree = "<group>"; };
/* End PBXFileReference section */

/* Begin PBXFrameworksBuildPhase section */
		EA8F12C328C4CC7E0072FBC2 /* Frameworks */ = {
			isa = PBXFrameworksBuildPhase;
			buildActionMask = 2147483647;
			files = (
				EA8F12DF28C4CCD00072FBC2 /* ComposableArchitecture in Frameworks */,
				EA8F12E628C4D1E30072FBC2 /* XCTestDynamicOverlay in Frameworks */,
				EA8F12E128C4CCD00072FBC2 /* Dependencies in Frameworks */,
			);
			runOnlyForDeploymentPostprocessing = 0;
		};
/* End PBXFrameworksBuildPhase section */

/* Begin PBXGroup section */
		EA8F12BD28C4CC7E0072FBC2 = {
			isa = PBXGroup;
			children = (
				EA8F12C828C4CC7E0072FBC2 /* TCACheck */,
				EA8F12C728C4CC7E0072FBC2 /* Products */,
			);
			sourceTree = "<group>";
		};
		EA8F12C728C4CC7E0072FBC2 /* Products */ = {
			isa = PBXGroup;
			children = (
				EA8F12C628C4CC7E0072FBC2 /* TCACheck.app */,
			);
			name = Products;
			sourceTree = "<group>";
		};
		EA8F12C828C4CC7E0072FBC2 /* TCACheck */ = {
			isa = PBXGroup;
			children = (
				EA8F12C928C4CC7E0072FBC2 /* AppDelegate.swift */,
				EA8F12CB28C4CC7E0072FBC2 /* SceneDelegate.swift */,
				EA8F12CD28C4CC7E0072FBC2 /* ViewController.swift */,
				EA8F12CF28C4CC7E0072FBC2 /* Main.storyboard */,
				EA8F12D228C4CC7F0072FBC2 /* Assets.xcassets */,
				EA8F12D428C4CC7F0072FBC2 /* LaunchScreen.storyboard */,
				EA8F12D728C4CC7F0072FBC2 /* Info.plist */,
			);
			path = TCACheck;
			sourceTree = "<group>";
		};
/* End PBXGroup section */

/* Begin PBXNativeTarget section */
		EA8F12C528C4CC7E0072FBC2 /* TCACheck */ = {
			isa = PBXNativeTarget;
			buildConfigurationList = EA8F12DA28C4CC7F0072FBC2 /* Build configuration list for PBXNativeTarget "TCACheck" */;
			buildPhases = (
				EA8F12C228C4CC7E0072FBC2 /* Sources */,
				EA8F12C328C4CC7E0072FBC2 /* Frameworks */,
				EA8F12C428C4CC7E0072FBC2 /* Resources */,
			);
			buildRules = (
			);
			dependencies = (
			);
			name = TCACheck;
			packageProductDependencies = (
				EA8F12DE28C4CCD00072FBC2 /* ComposableArchitecture */,
				EA8F12E028C4CCD00072FBC2 /* Dependencies */,
				EA8F12E528C4D1E30072FBC2 /* XCTestDynamicOverlay */,
			);
			productName = TCACheck;
			productReference = EA8F12C628C4CC7E0072FBC2 /* TCACheck.app */;
			productType = "com.apple.product-type.application";
		};
/* End PBXNativeTarget section */

/* Begin PBXProject section */
		EA8F12BE28C4CC7E0072FBC2 /* Project object */ = {
			isa = PBXProject;
			attributes = {
				BuildIndependentTargetsInParallel = 1;
				LastSwiftUpdateCheck = 1400;
				LastUpgradeCheck = 1400;
				TargetAttributes = {
					EA8F12C528C4CC7E0072FBC2 = {
						CreatedOnToolsVersion = 14.0;
					};
				};
			};
			buildConfigurationList = EA8F12C128C4CC7E0072FBC2 /* Build configuration list for PBXProject "TCACheck" */;
			compatibilityVersion = "Xcode 14.0";
			developmentRegion = en;
			hasScannedForEncodings = 0;
			knownRegions = (
				en,
				Base,
			);
			mainGroup = EA8F12BD28C4CC7E0072FBC2;
			packageReferences = (
				EA8F12DD28C4CCD00072FBC2 /* XCRemoteSwiftPackageReference "swift-composable-architecture" */,
				EA8F12E428C4D1E30072FBC2 /* XCRemoteSwiftPackageReference "xctest-dynamic-overlay" */,
			);
			productRefGroup = EA8F12C728C4CC7E0072FBC2 /* Products */;
			projectDirPath = "";
			projectRoot = "";
			targets = (
				EA8F12C528C4CC7E0072FBC2 /* TCACheck */,
			);
		};
/* End PBXProject section */

/* Begin PBXResourcesBuildPhase section */
		EA8F12C428C4CC7E0072FBC2 /* Resources */ = {
			isa = PBXResourcesBuildPhase;
			buildActionMask = 2147483647;
			files = (
				EA8F12D628C4CC7F0072FBC2 /* LaunchScreen.storyboard in Resources */,
				EA8F12D328C4CC7F0072FBC2 /* Assets.xcassets in Resources */,
				EA8F12D128C4CC7E0072FBC2 /* Main.storyboard in Resources */,
			);
			runOnlyForDeploymentPostprocessing = 0;
		};
/* End PBXResourcesBuildPhase section */

/* Begin PBXSourcesBuildPhase section */
		EA8F12C228C4CC7E0072FBC2 /* Sources */ = {
			isa = PBXSourcesBuildPhase;
			buildActionMask = 2147483647;
			files = (
				EA8F12CE28C4CC7E0072FBC2 /* ViewController.swift in Sources */,
				EA8F12CA28C4CC7E0072FBC2 /* AppDelegate.swift in Sources */,
				EA8F12CC28C4CC7E0072FBC2 /* SceneDelegate.swift in Sources */,
			);
			runOnlyForDeploymentPostprocessing = 0;
		};
/* End PBXSourcesBuildPhase section */

/* Begin PBXVariantGroup section */
		EA8F12CF28C4CC7E0072FBC2 /* Main.storyboard */ = {
			isa = PBXVariantGroup;
			children = (
				EA8F12D028C4CC7E0072FBC2 /* Base */,
			);
			name = Main.storyboard;
			sourceTree = "<group>";
		};
		EA8F12D428C4CC7F0072FBC2 /* LaunchScreen.storyboard */ = {
			isa = PBXVariantGroup;
			children = (
				EA8F12D528C4CC7F0072FBC2 /* Base */,
			);
			name = LaunchScreen.storyboard;
			sourceTree = "<group>";
		};
/* End PBXVariantGroup section */

/* Begin XCBuildConfiguration section */
		EA8F12D828C4CC7F0072FBC2 /* Debug */ = {
			isa = XCBuildConfiguration;
			buildSettings = {
				ALWAYS_SEARCH_USER_PATHS = NO;
				CLANG_ANALYZER_NONNULL = YES;
				CLANG_ANALYZER_NUMBER_OBJECT_CONVERSION = YES_AGGRESSIVE;
				CLANG_CXX_LANGUAGE_STANDARD = "gnu++20";
				CLANG_ENABLE_MODULES = YES;
				CLANG_ENABLE_OBJC_ARC = YES;
				CLANG_ENABLE_OBJC_WEAK = YES;
				CLANG_WARN_BLOCK_CAPTURE_AUTORELEASING = YES;
				CLANG_WARN_BOOL_CONVERSION = YES;
				CLANG_WARN_COMMA = YES;
				CLANG_WARN_CONSTANT_CONVERSION = YES;
				CLANG_WARN_DEPRECATED_OBJC_IMPLEMENTATIONS = YES;
				CLANG_WARN_DIRECT_OBJC_ISA_USAGE = YES_ERROR;
				CLANG_WARN_DOCUMENTATION_COMMENTS = YES;
				CLANG_WARN_EMPTY_BODY = YES;
				CLANG_WARN_ENUM_CONVERSION = YES;
				CLANG_WARN_INFINITE_RECURSION = YES;
				CLANG_WARN_INT_CONVERSION = YES;
				CLANG_WARN_NON_LITERAL_NULL_CONVERSION = YES;
				CLANG_WARN_OBJC_IMPLICIT_RETAIN_SELF = YES;
				CLANG_WARN_OBJC_LITERAL_CONVERSION = YES;
				CLANG_WARN_OBJC_ROOT_CLASS = YES_ERROR;
				CLANG_WARN_QUOTED_INCLUDE_IN_FRAMEWORK_HEADER = YES;
				CLANG_WARN_RANGE_LOOP_ANALYSIS = YES;
				CLANG_WARN_STRICT_PROTOTYPES = YES;
				CLANG_WARN_SUSPICIOUS_MOVE = YES;
				CLANG_WARN_UNGUARDED_AVAILABILITY = YES_AGGRESSIVE;
				CLANG_WARN_UNREACHABLE_CODE = YES;
				CLANG_WARN__DUPLICATE_METHOD_MATCH = YES;
				COPY_PHASE_STRIP = NO;
				DEBUG_INFORMATION_FORMAT = dwarf;
				ENABLE_STRICT_OBJC_MSGSEND = YES;
				ENABLE_TESTABILITY = YES;
				GCC_C_LANGUAGE_STANDARD = gnu11;
				GCC_DYNAMIC_NO_PIC = NO;
				GCC_NO_COMMON_BLOCKS = YES;
				GCC_OPTIMIZATION_LEVEL = 0;
				GCC_PREPROCESSOR_DEFINITIONS = (
					"DEBUG=1",
					"$(inherited)",
				);
				GCC_WARN_64_TO_32_BIT_CONVERSION = YES;
				GCC_WARN_ABOUT_RETURN_TYPE = YES_ERROR;
				GCC_WARN_UNDECLARED_SELECTOR = YES;
				GCC_WARN_UNINITIALIZED_AUTOS = YES_AGGRESSIVE;
				GCC_WARN_UNUSED_FUNCTION = YES;
				GCC_WARN_UNUSED_VARIABLE = YES;
				IPHONEOS_DEPLOYMENT_TARGET = 15.5;
				MTL_ENABLE_DEBUG_INFO = INCLUDE_SOURCE;
				MTL_FAST_MATH = YES;
				ONLY_ACTIVE_ARCH = YES;
				SDKROOT = iphoneos;
				SWIFT_ACTIVE_COMPILATION_CONDITIONS = DEBUG;
				SWIFT_OPTIMIZATION_LEVEL = "-Onone";
			};
			name = Debug;
		};
		EA8F12D928C4CC7F0072FBC2 /* Release */ = {
			isa = XCBuildConfiguration;
			buildSettings = {
				ALWAYS_SEARCH_USER_PATHS = NO;
				CLANG_ANALYZER_NONNULL = YES;
				CLANG_ANALYZER_NUMBER_OBJECT_CONVERSION = YES_AGGRESSIVE;
				CLANG_CXX_LANGUAGE_STANDARD = "gnu++20";
				CLANG_ENABLE_MODULES = YES;
				CLANG_ENABLE_OBJC_ARC = YES;
				CLANG_ENABLE_OBJC_WEAK = YES;
				CLANG_WARN_BLOCK_CAPTURE_AUTORELEASING = YES;
				CLANG_WARN_BOOL_CONVERSION = YES;
				CLANG_WARN_COMMA = YES;
				CLANG_WARN_CONSTANT_CONVERSION = YES;
				CLANG_WARN_DEPRECATED_OBJC_IMPLEMENTATIONS = YES;
				CLANG_WARN_DIRECT_OBJC_ISA_USAGE = YES_ERROR;
				CLANG_WARN_DOCUMENTATION_COMMENTS = YES;
				CLANG_WARN_EMPTY_BODY = YES;
				CLANG_WARN_ENUM_CONVERSION = YES;
				CLANG_WARN_INFINITE_RECURSION = YES;
				CLANG_WARN_INT_CONVERSION = YES;
				CLANG_WARN_NON_LITERAL_NULL_CONVERSION = YES;
				CLANG_WARN_OBJC_IMPLICIT_RETAIN_SELF = YES;
				CLANG_WARN_OBJC_LITERAL_CONVERSION = YES;
				CLANG_WARN_OBJC_ROOT_CLASS = YES_ERROR;
				CLANG_WARN_QUOTED_INCLUDE_IN_FRAMEWORK_HEADER = YES;
				CLANG_WARN_RANGE_LOOP_ANALYSIS = YES;
				CLANG_WARN_STRICT_PROTOTYPES = YES;
				CLANG_WARN_SUSPICIOUS_MOVE = YES;
				CLANG_WARN_UNGUARDED_AVAILABILITY = YES_AGGRESSIVE;
				CLANG_WARN_UNREACHABLE_CODE = YES;
				CLANG_WARN__DUPLICATE_METHOD_MATCH = YES;
				COPY_PHASE_STRIP = NO;
				DEBUG_INFORMATION_FORMAT = "dwarf-with-dsym";
				ENABLE_NS_ASSERTIONS = NO;
				ENABLE_STRICT_OBJC_MSGSEND = YES;
				GCC_C_LANGUAGE_STANDARD = gnu11;
				GCC_NO_COMMON_BLOCKS = YES;
				GCC_WARN_64_TO_32_BIT_CONVERSION = YES;
				GCC_WARN_ABOUT_RETURN_TYPE = YES_ERROR;
				GCC_WARN_UNDECLARED_SELECTOR = YES;
				GCC_WARN_UNINITIALIZED_AUTOS = YES_AGGRESSIVE;
				GCC_WARN_UNUSED_FUNCTION = YES;
				GCC_WARN_UNUSED_VARIABLE = YES;
				IPHONEOS_DEPLOYMENT_TARGET = 15.5;
				MTL_ENABLE_DEBUG_INFO = NO;
				MTL_FAST_MATH = YES;
				SDKROOT = iphoneos;
				SWIFT_COMPILATION_MODE = wholemodule;
				SWIFT_OPTIMIZATION_LEVEL = "-O";
				VALIDATE_PRODUCT = YES;
			};
			name = Release;
		};
		EA8F12DB28C4CC7F0072FBC2 /* Debug */ = {
			isa = XCBuildConfiguration;
			buildSettings = {
				ASSETCATALOG_COMPILER_APPICON_NAME = AppIcon;
				ASSETCATALOG_COMPILER_GLOBAL_ACCENT_COLOR_NAME = AccentColor;
				CODE_SIGN_STYLE = Automatic;
				CURRENT_PROJECT_VERSION = 1;
				DEVELOPMENT_TEAM = 5T8DRBFCBP;
				GENERATE_INFOPLIST_FILE = YES;
				INFOPLIST_FILE = TCACheck/Info.plist;
				INFOPLIST_KEY_UIApplicationSupportsIndirectInputEvents = YES;
				INFOPLIST_KEY_UILaunchStoryboardName = LaunchScreen;
				INFOPLIST_KEY_UIMainStoryboardFile = Main;
				INFOPLIST_KEY_UISupportedInterfaceOrientations_iPad = "UIInterfaceOrientationPortrait UIInterfaceOrientationPortraitUpsideDown UIInterfaceOrientationLandscapeLeft UIInterfaceOrientationLandscapeRight";
				INFOPLIST_KEY_UISupportedInterfaceOrientations_iPhone = "UIInterfaceOrientationPortrait UIInterfaceOrientationLandscapeLeft UIInterfaceOrientationLandscapeRight";
				LD_RUNPATH_SEARCH_PATHS = (
					"$(inherited)",
					"@executable_path/Frameworks",
				);
				MARKETING_VERSION = 1.0;
				PRODUCT_BUNDLE_IDENTIFIER = com.coodly.tca.TCACheck;
				PRODUCT_NAME = "$(TARGET_NAME)";
				SWIFT_EMIT_LOC_STRINGS = YES;
				SWIFT_VERSION = 5.0;
				TARGETED_DEVICE_FAMILY = "1,2";
			};
			name = Debug;
		};
		EA8F12DC28C4CC7F0072FBC2 /* Release */ = {
			isa = XCBuildConfiguration;
			buildSettings = {
				ASSETCATALOG_COMPILER_APPICON_NAME = AppIcon;
				ASSETCATALOG_COMPILER_GLOBAL_ACCENT_COLOR_NAME = AccentColor;
				CODE_SIGN_STYLE = Automatic;
				CURRENT_PROJECT_VERSION = 1;
				DEVELOPMENT_TEAM = 5T8DRBFCBP;
				GENERATE_INFOPLIST_FILE = YES;
				INFOPLIST_FILE = TCACheck/Info.plist;
				INFOPLIST_KEY_UIApplicationSupportsIndirectInputEvents = YES;
				INFOPLIST_KEY_UILaunchStoryboardName = LaunchScreen;
				INFOPLIST_KEY_UIMainStoryboardFile = Main;
				INFOPLIST_KEY_UISupportedInterfaceOrientations_iPad = "UIInterfaceOrientationPortrait UIInterfaceOrientationPortraitUpsideDown UIInterfaceOrientationLandscapeLeft UIInterfaceOrientationLandscapeRight";
				INFOPLIST_KEY_UISupportedInterfaceOrientations_iPhone = "UIInterfaceOrientationPortrait UIInterfaceOrientationLandscapeLeft UIInterfaceOrientationLandscapeRight";
				LD_RUNPATH_SEARCH_PATHS = (
					"$(inherited)",
					"@executable_path/Frameworks",
				);
				MARKETING_VERSION = 1.0;
				PRODUCT_BUNDLE_IDENTIFIER = com.coodly.tca.TCACheck;
				PRODUCT_NAME = "$(TARGET_NAME)";
				SWIFT_EMIT_LOC_STRINGS = YES;
				SWIFT_VERSION = 5.0;
				TARGETED_DEVICE_FAMILY = "1,2";
			};
			name = Release;
		};
/* End XCBuildConfiguration section */

/* Begin XCConfigurationList section */
		EA8F12C128C4CC7E0072FBC2 /* Build configuration list for PBXProject "TCACheck" */ = {
			isa = XCConfigurationList;
			buildConfigurations = (
				EA8F12D828C4CC7F0072FBC2 /* Debug */,
				EA8F12D928C4CC7F0072FBC2 /* Release */,
			);
			defaultConfigurationIsVisible = 0;
			defaultConfigurationName = Release;
		};
		EA8F12DA28C4CC7F0072FBC2 /* Build configuration list for PBXNativeTarget "TCACheck" */ = {
			isa = XCConfigurationList;
			buildConfigurations = (
				EA8F12DB28C4CC7F0072FBC2 /* Debug */,
				EA8F12DC28C4CC7F0072FBC2 /* Release */,
			);
			defaultConfigurationIsVisible = 0;
			defaultConfigurationName = Release;
		};
/* End XCConfigurationList section */

/* Begin XCRemoteSwiftPackageReference section */
		EA8F12DD28C4CCD00072FBC2 /* XCRemoteSwiftPackageReference "swift-composable-architecture" */ = {
			isa = XCRemoteSwiftPackageReference;
			repositoryURL = "https://github.com/pointfreeco/swift-composable-architecture.git";
			requirement = {
				branch = "protocol-beta";
				kind = branch;
			};
		};
		EA8F12E428C4D1E30072FBC2 /* XCRemoteSwiftPackageReference "xctest-dynamic-overlay" */ = {
			isa = XCRemoteSwiftPackageReference;
			repositoryURL = "https://github.com/pointfreeco/xctest-dynamic-overlay";
			requirement = {
				kind = exactVersion;
				version = 0.4.0;
			};
		};
/* End XCRemoteSwiftPackageReference section */

/* Begin XCSwiftPackageProductDependency section */
		EA8F12DE28C4CCD00072FBC2 /* ComposableArchitecture */ = {
			isa = XCSwiftPackageProductDependency;
			package = EA8F12DD28C4CCD00072FBC2 /* XCRemoteSwiftPackageReference "swift-composable-architecture" */;
			productName = ComposableArchitecture;
		};
		EA8F12E028C4CCD00072FBC2 /* Dependencies */ = {
			isa = XCSwiftPackageProductDependency;
			package = EA8F12DD28C4CCD00072FBC2 /* XCRemoteSwiftPackageReference "swift-composable-architecture" */;
			productName = Dependencies;
		};
		EA8F12E528C4D1E30072FBC2 /* XCTestDynamicOverlay */ = {
			isa = XCSwiftPackageProductDependency;
			package = EA8F12E428C4D1E30072FBC2 /* XCRemoteSwiftPackageReference "xctest-dynamic-overlay" */;
			productName = XCTestDynamicOverlay;
		};
/* End XCSwiftPackageProductDependency section */
	};
	rootObject = EA8F12BE28C4CC7E0072FBC2 /* Project object */;
}
